#
# This file is autogenerated by pip-compile with Python 3.11
# by the following command:
#
#    pip-compile --no-emit-index-url --no-emit-trusted-host --output-file=5_core_services/flask_base/requirements/runtime.lock 5_core_services/flask_base/requirements/runtime.in
#
alembic==1.18.5
    # via flask-migrate
anyio==4.14.1
    # via httpx
blinker==1.9.0
    # via flask
certifi==2026.6.17
    # via
    #   httpcore
    #   httpx
click==8.4.2
    # via flask
flask==3.0.0
    # via
    #   -r 5_core_services/flask_base/requirements/runtime.in
    #   flask-cors
    #   flask-migrate
    #   flask-sqlalchemy
flask-cors==6.0.5
    # via -r 5_core_services/flask_base/requirements/runtime.in
flask-migrate==4.1.0
    # via -r 5_core_services/flask_base/requirements/runtime.in
flask-sqlalchemy==3.1.1
    # via
    #   -r 5_core_services/flask_base/requirements/runtime.in
    #   flask-migrate
greenlet==3.5.3
    # via sqlalchemy
gunicorn==21.2.0
    # via -r 5_core_services/flask_base/requirements/runtime.in
h11==0.16.0
    # via httpcore
httpcore==1.0.9
    # via httpx
httpx==0.28.1
    # via -r 5_core_services/flask_base/requirements/runtime.in
idna==3.18
    # via
    #   anyio
    #   httpx
itsdangerous==2.2.0
    # via flask
jinja2==3.1.6
    # via flask
mako==1.3.12
    # via alembic
markupsafe==3.0.3
    # via
    #   jinja2
    #   mako
    #   werkzeug
packaging==26.2
    # via gunicorn
psycopg2-binary==2.9.9
    # via -r 5_core_services/flask_base/requirements/runtime.in
pyjwt==2.8.0
    # via -r 5_core_services/flask_base/requirements/runtime.in
python-dotenv==1.0.0
    # via -r 5_core_services/flask_base/requirements/runtime.in
sqlalchemy==2.0.23
    # via
    #   -r 5_core_services/flask_base/requirements/runtime.in
    #   alembic
    #   flask-sqlalchemy
typing-extensions==4.16.0
    # via
    #   alembic
    #   anyio
    #   sqlalchemy
werkzeug==3.1.8
    # via
    #   flask
    #   flask-cors
