#
# This file is autogenerated by pip-compile with Python 3.11
# by the following command:
#
#    pip-compile --no-emit-index-url --no-emit-trusted-host --output-file=5_core_services/fabric_watcher/requirements/runtime.lock 5_core_services/fabric_watcher/requirements/runtime.in
#
certifi==2026.6.17
    # via requests
charset-normalizer==3.4.9
    # via requests
idna==3.18
    # via requests
python-dotenv==1.0.1
    # via -r 5_core_services/fabric_watcher/requirements/runtime.in
requests==2.31.0
    # via -r 5_core_services/fabric_watcher/requirements/runtime.in
urllib3==2.7.0
    # via requests
watchdog==4.0.0
    # via -r 5_core_services/fabric_watcher/requirements/runtime.in
