#
# This file is autogenerated by pip-compile with Python 3.11
# by the following command:
#
#    pip-compile --no-emit-index-url --no-emit-trusted-host --output-file=2_backend_api/requirements/runtime.lock 2_backend_api/requirements/runtime.in
#
asgiref==3.11.1
    # via
    #   django
    #   django-cors-headers
cffi==2.1.0
    # via cryptography
cryptography==49.0.0
    # via
    #   -r 2_backend_api/requirements/runtime.in
    #   django-pgcrypto
django==5.0
    # via
    #   -r 2_backend_api/requirements/runtime.in
    #   django-cors-headers
    #   djangorestframework
    #   djangorestframework-simplejwt
django-cors-headers==4.9.0
    # via -r 2_backend_api/requirements/runtime.in
django-pgcrypto==3.1.0
    # via -r 2_backend_api/requirements/runtime.in
djangorestframework==3.17.1
    # via
    #   -r 2_backend_api/requirements/runtime.in
    #   djangorestframework-simplejwt
djangorestframework-simplejwt==5.5.1
    # via -r 2_backend_api/requirements/runtime.in
gunicorn==26.0.0
    # via -r 2_backend_api/requirements/runtime.in
jinja2==3.1.6
    # via -r 2_backend_api/requirements/runtime.in
markupsafe==3.0.3
    # via jinja2
packaging==26.2
    # via gunicorn
psycopg2-binary==2.9.12
    # via -r 2_backend_api/requirements/runtime.in
pycparser==3.0
    # via cffi
pyjwt==2.13.0
    # via djangorestframework-simplejwt
sqlparse==0.5.5
    # via django
